
Microsoft Visual Studio Solution File, Format Version 12.00
# Visual Studio Version 17
VisualStudioVersion = 17.0.31612.314
MinimumVisualStudioVersion = 10.0.40219.1
Project("{FAE04EC0-301F-11D3-BF4B-00C04F79EFBC}") = "Generics", "Generics\Generics.csproj", "{233DD7D5-E425-4A0C-A661-091CF5D87319}"
EndProject
Global
	GlobalSection(SolutionConfigurationPlatforms) = preSolution
		Debug|Any CPU = Debug|Any CPU
		Release|Any CPU = Release|Any CPU
	EndGlobalSection
	GlobalSection(ProjectConfigurationPlatforms) = postSolution
		{233DD7D5-E425-4A0C-A661-091CF5D87319}.Debug|Any CPU.ActiveCfg = Debug|Any CPU
		{233DD7D5-E425-4A0C-A661-091CF5D87319}.Debug|Any CPU.Build.0 = Debug|Any CPU
		{233DD7D5-E425-4A0C-A661-091CF5D87319}.Release|Any CPU.ActiveCfg = Release|Any CPU
		{233DD7D5-E425-4A0C-A661-091CF5D87319}.Release|Any CPU.Build.0 = Release|Any CPU
	EndGlobalSection
	GlobalSection(SolutionProperties) = preSolution
		HideSolutionNode = FALSE
	EndGlobalSection
	GlobalSection(ExtensibilityGlobals) = postSolution
		SolutionGuid = {DFC49087-EB61-4589-BFDB-C6F6B511C6A9}
	EndGlobalSection
EndGlobal
